{
  "requires": true,
  "lockfileVersion": 1,
  "dependencies": {
    "dotenv": {
      "version": "8.2.0",
      "resolved": "https://registry.npmjs.org/dotenv/-/dotenv-8.2.0.tgz",
      "integrity": "sha512-8sJ78ElpbDJBHNeBzUbUVLsqKdccaa/BXF1uPTw3GrvQTBgrQrtObr2mUrE38vzYd8cEv+m/JBfDLioYcfXoaw=="
    },
    "hasura": {
      "version": "2.0.1",
      "resolved": "https://registry.npmjs.org/hasura/-/hasura-2.0.1.tgz",
      "integrity": "sha512-WH4SdwJxEsocOpWCal1036PJY/CObresf64KS0q+75piUnm2xNJKibGL+de8Qff/o29ManCXtOoSizgWeOBeHg=="
    }
  }
}
